github.com/bazelbuild/bazel-gazelle v0.50.0 h1:/QNWnew6d0y9afP+0uWiGFIApw+spvE5fdVdNjcpHg0=
github.com/bazelbuild/bazel-gazelle v0.50.0/go.mod h1:qtev3UlNStnHm6TEBM0pkDgOc1wSMBcbD/3wktJL7i8=
github.com/bazelbuild/rules_go v0.60.0 h1:apGSxTTrFUyLNvX9NQmF4CbntWAO0/S5eALeVgB/6Qk=
github.com/bazelbuild/rules_go v0.60.0/go.mod h1:CYcohJVxs4n7eftbC39GCqaEJm3E1EME+6QAkGguKoI=
github.com/bmatcuk/doublestar/v4 v4.9.1 h1:X8jg9rRZmJd4yRy7ZeNDRnM+T3ZfHv15JiBJ/avrEXE=
github.com/bmatcuk/doublestar/v4 v4.9.1/go.mod h1:xBQ8jztBU6kakFMg+8WGxn0c6z1fTSPVIjEY1Wr7jzc=
google.golang.org/protobuf v1.36.10 h1:AYd7cD/uASjIL6Q9LiTjz8JLcrh/88q5UObnmY3aOOE=
google.golang.org/protobuf v1.36.10/go.mod h1:HTf+CrKn2C3g5S8VImy6tdcUvCska2kB7j23XfzDpco=
